
Microsoft Visual Studio Solution File, Format Version 12.00
# Visual Studio Version 17
VisualStudioVersion = 17.11.35327.3
MinimumVisualStudioVersion = 10.0.40219.1
Project("{FAE04EC0-301F-11D3-BF4B-00C04F79EFBC}") = "CalculatorPractice", "CalculatorPractice\CalculatorPractice.csproj", "{CF8B8D48-DB56-4A06-9444-FB9CBB8BAF1F}"
EndProject
Global
	GlobalSection(SolutionConfigurationPlatforms) = preSolution
		Debug|Any CPU = Debug|Any CPU
		Release|Any CPU = Release|Any CPU
	EndGlobalSection
	GlobalSection(ProjectConfigurationPlatforms) = postSolution
		{CF8B8D48-DB56-4A06-9444-FB9CBB8BAF1F}.Debug|Any CPU.ActiveCfg = Debug|Any CPU
		{CF8B8D48-DB56-4A06-9444-FB9CBB8BAF1F}.Debug|Any CPU.Build.0 = Debug|Any CPU
		{CF8B8D48-DB56-4A06-9444-FB9CBB8BAF1F}.Release|Any CPU.ActiveCfg = Release|Any CPU
		{CF8B8D48-DB56-4A06-9444-FB9CBB8BAF1F}.Release|Any CPU.Build.0 = Release|Any CPU
	EndGlobalSection
	GlobalSection(SolutionProperties) = preSolution
		HideSolutionNode = FALSE
	EndGlobalSection
	GlobalSection(ExtensibilityGlobals) = postSolution
		SolutionGuid = {2FB3DC58-40F6-4FC2-BCB3-2D72BB4FF813}
	EndGlobalSection
EndGlobal
